
Microsoft Visual Studio Solution File, Format Version 12.00
# Visual Studio Version 17
VisualStudioVersion = 17.5.33502.453
MinimumVisualStudioVersion = 10.0.40219.1
Project("{888888A0-9F3D-457C-B088-3A5042F75D52}") = "oil_calculator", "oil_calculator.pyproj", "{73659803-09E0-47E9-A08C-675B4C44CEAB}"
EndProject
Global
	GlobalSection(SolutionConfigurationPlatforms) = preSolution
		Debug|Any CPU = Debug|Any CPU
		Release|Any CPU = Release|Any CPU
	EndGlobalSection
	GlobalSection(ProjectConfigurationPlatforms) = postSolution
		{73659803-09E0-47E9-A08C-675B4C44CEAB}.Debug|Any CPU.ActiveCfg = Debug|Any CPU
		{73659803-09E0-47E9-A08C-675B4C44CEAB}.Debug|Any CPU.Build.0 = Debug|Any CPU
		{73659803-09E0-47E9-A08C-675B4C44CEAB}.Release|Any CPU.ActiveCfg = Release|Any CPU
		{73659803-09E0-47E9-A08C-675B4C44CEAB}.Release|Any CPU.Build.0 = Release|Any CPU
	EndGlobalSection
	GlobalSection(SolutionProperties) = preSolution
		HideSolutionNode = FALSE
	EndGlobalSection
	GlobalSection(ExtensibilityGlobals) = postSolution
		SolutionGuid = {AABA93C8-9916-4D9B-8886-C405AB5068FF}
	EndGlobalSection
EndGlobal
